
Microsoft Visual Studio Solution File, Format Version 12.00
Project("{2150E333-8FDC-42A3-9474-1A3956D46DE8}") = "Src", "Src", "{B6A93E49-33C8-4849-A480-B6D59B48B7B2}"
EndProject
Project("{2150E333-8FDC-42A3-9474-1A3956D46DE8}") = "Modules", "Modules", "{68062AFE-B0C3-4C5B-A17E-884D86679024}"
EndProject
Project("{2150E333-8FDC-42A3-9474-1A3956D46DE8}") = "Services", "Services", "{CCE3BC14-6BCF-4B09-BBCA-BE8C45440728}"
EndProject
Project("{2150E333-8FDC-42A3-9474-1A3956D46DE8}") = "Shared", "Shared", "{3F87B109-FA3C-4034-B8A0-011ABA6134FF}"
EndProject
Project("{FAE04EC0-301F-11D3-BF4B-00C04F79EFBC}") = "DaSSolucionesBackend.Api", "DaSSolucionesBackend.Api\DaSSolucionesBackend.Api.csproj", "{69CE9C57-9004-4B88-AAFC-A152F9BAFCEE}"
EndProject
Project("{2150E333-8FDC-42A3-9474-1A3956D46DE8}") = "General", "General", "{E951AA43-3B54-42DC-82F3-49AB74AD782E}"
EndProject
Project("{2150E333-8FDC-42A3-9474-1A3956D46DE8}") = "Warehouses", "Warehouses", "{689612BF-845B-4319-9628-AF45E3E05151}"
EndProject
Project("{2150E333-8FDC-42A3-9474-1A3956D46DE8}") = "Security", "Security", "{1FE6C3A7-CAC5-4149-947F-B79994733FA0}"
EndProject
Project("{2150E333-8FDC-42A3-9474-1A3956D46DE8}") = "Sales", "Sales", "{7106616C-38FB-48C2-B9BF-8E05FC589868}"
EndProject
Project("{2150E333-8FDC-42A3-9474-1A3956D46DE8}") = "Shopping", "Shopping", "{451CCC83-2583-4CAB-8D7E-70C4961025A6}"
EndProject
Project("{FAE04EC0-301F-11D3-BF4B-00C04F79EFBC}") = "DASSolucionesBackend.General", "DASSolucionesBackend.General\DASSolucionesBackend.General.csproj", "{4B9BC698-ADA1-4FDB-9181-FDE7D9C7C29D}"
EndProject
Project("{FAE04EC0-301F-11D3-BF4B-00C04F79EFBC}") = "DASSolucionesBackend.Sales", "DASSolucionesBackend.Sales\DASSolucionesBackend.Sales.csproj", "{123E5604-85D6-4AF1-9132-70920D07E8D5}"
EndProject
Project("{FAE04EC0-301F-11D3-BF4B-00C04F79EFBC}") = "DASSolucionesBackend.Security", "DASSolucionesBackend.Security\DASSolucionesBackend.Security.csproj", "{9FE53DC9-E85F-4624-9088-7483BF5D6EAD}"
EndProject
Project("{FAE04EC0-301F-11D3-BF4B-00C04F79EFBC}") = "DASSolucionesBackend.Shopping", "DASSolucionesBackend.Shopping\DASSolucionesBackend.Shopping.csproj", "{806009E7-06F1-4DE4-8CCF-C259B0562136}"
EndProject
Project("{FAE04EC0-301F-11D3-BF4B-00C04F79EFBC}") = "DASSolucionesBackend.Warehouses", "DASSolucionesBackend.Warehouses\DASSolucionesBackend.Warehouses.csproj", "{B11471BA-0AE2-4682-880E-1C37EA9D9347}"
EndProject
Project("{FAE04EC0-301F-11D3-BF4B-00C04F79EFBC}") = "DASSolucionesBackend.Shared", "DASSolucionesBackend.Shared\DASSolucionesBackend.Shared.csproj", "{4D734D5D-25F6-48DE-A008-E76F829FD999}"
EndProject
Project("{2150E333-8FDC-42A3-9474-1A3956D46DE8}") = "Solution Items", "Solution Items", "{692E5A46-97C2-4E66-9CCD-7F56C9E6D6C2}"
	ProjectSection(SolutionItems) = preProject
		docker-compose.yml = docker-compose.yml
		.dockerignore = .dockerignore
		docker-compose.override.yml = docker-compose.override.yml
	EndProjectSection
EndProject
Global
	GlobalSection(SolutionConfigurationPlatforms) = preSolution
		Debug|Any CPU = Debug|Any CPU
		Release|Any CPU = Release|Any CPU
	EndGlobalSection
	GlobalSection(NestedProjects) = preSolution
		{68062AFE-B0C3-4C5B-A17E-884D86679024} = {B6A93E49-33C8-4849-A480-B6D59B48B7B2}
		{CCE3BC14-6BCF-4B09-BBCA-BE8C45440728} = {B6A93E49-33C8-4849-A480-B6D59B48B7B2}
		{3F87B109-FA3C-4034-B8A0-011ABA6134FF} = {B6A93E49-33C8-4849-A480-B6D59B48B7B2}
		{69CE9C57-9004-4B88-AAFC-A152F9BAFCEE} = {CCE3BC14-6BCF-4B09-BBCA-BE8C45440728}
		{E951AA43-3B54-42DC-82F3-49AB74AD782E} = {68062AFE-B0C3-4C5B-A17E-884D86679024}
		{689612BF-845B-4319-9628-AF45E3E05151} = {68062AFE-B0C3-4C5B-A17E-884D86679024}
		{1FE6C3A7-CAC5-4149-947F-B79994733FA0} = {68062AFE-B0C3-4C5B-A17E-884D86679024}
		{7106616C-38FB-48C2-B9BF-8E05FC589868} = {68062AFE-B0C3-4C5B-A17E-884D86679024}
		{451CCC83-2583-4CAB-8D7E-70C4961025A6} = {68062AFE-B0C3-4C5B-A17E-884D86679024}
		{4B9BC698-ADA1-4FDB-9181-FDE7D9C7C29D} = {E951AA43-3B54-42DC-82F3-49AB74AD782E}
		{123E5604-85D6-4AF1-9132-70920D07E8D5} = {7106616C-38FB-48C2-B9BF-8E05FC589868}
		{9FE53DC9-E85F-4624-9088-7483BF5D6EAD} = {1FE6C3A7-CAC5-4149-947F-B79994733FA0}
		{806009E7-06F1-4DE4-8CCF-C259B0562136} = {451CCC83-2583-4CAB-8D7E-70C4961025A6}
		{B11471BA-0AE2-4682-880E-1C37EA9D9347} = {689612BF-845B-4319-9628-AF45E3E05151}
		{4D734D5D-25F6-48DE-A008-E76F829FD999} = {3F87B109-FA3C-4034-B8A0-011ABA6134FF}
	EndGlobalSection
	GlobalSection(ProjectConfigurationPlatforms) = postSolution
		{69CE9C57-9004-4B88-AAFC-A152F9BAFCEE}.Debug|Any CPU.ActiveCfg = Debug|Any CPU
		{69CE9C57-9004-4B88-AAFC-A152F9BAFCEE}.Debug|Any CPU.Build.0 = Debug|Any CPU
		{69CE9C57-9004-4B88-AAFC-A152F9BAFCEE}.Release|Any CPU.ActiveCfg = Release|Any CPU
		{69CE9C57-9004-4B88-AAFC-A152F9BAFCEE}.Release|Any CPU.Build.0 = Release|Any CPU
		{4B9BC698-ADA1-4FDB-9181-FDE7D9C7C29D}.Debug|Any CPU.ActiveCfg = Debug|Any CPU
		{4B9BC698-ADA1-4FDB-9181-FDE7D9C7C29D}.Debug|Any CPU.Build.0 = Debug|Any CPU
		{4B9BC698-ADA1-4FDB-9181-FDE7D9C7C29D}.Release|Any CPU.ActiveCfg = Release|Any CPU
		{4B9BC698-ADA1-4FDB-9181-FDE7D9C7C29D}.Release|Any CPU.Build.0 = Release|Any CPU
		{123E5604-85D6-4AF1-9132-70920D07E8D5}.Debug|Any CPU.ActiveCfg = Debug|Any CPU
		{123E5604-85D6-4AF1-9132-70920D07E8D5}.Debug|Any CPU.Build.0 = Debug|Any CPU
		{123E5604-85D6-4AF1-9132-70920D07E8D5}.Release|Any CPU.ActiveCfg = Release|Any CPU
		{123E5604-85D6-4AF1-9132-70920D07E8D5}.Release|Any CPU.Build.0 = Release|Any CPU
		{9FE53DC9-E85F-4624-9088-7483BF5D6EAD}.Debug|Any CPU.ActiveCfg = Debug|Any CPU
		{9FE53DC9-E85F-4624-9088-7483BF5D6EAD}.Debug|Any CPU.Build.0 = Debug|Any CPU
		{9FE53DC9-E85F-4624-9088-7483BF5D6EAD}.Release|Any CPU.ActiveCfg = Release|Any CPU
		{9FE53DC9-E85F-4624-9088-7483BF5D6EAD}.Release|Any CPU.Build.0 = Release|Any CPU
		{806009E7-06F1-4DE4-8CCF-C259B0562136}.Debug|Any CPU.ActiveCfg = Debug|Any CPU
		{806009E7-06F1-4DE4-8CCF-C259B0562136}.Debug|Any CPU.Build.0 = Debug|Any CPU
		{806009E7-06F1-4DE4-8CCF-C259B0562136}.Release|Any CPU.ActiveCfg = Release|Any CPU
		{806009E7-06F1-4DE4-8CCF-C259B0562136}.Release|Any CPU.Build.0 = Release|Any CPU
		{B11471BA-0AE2-4682-880E-1C37EA9D9347}.Debug|Any CPU.ActiveCfg = Debug|Any CPU
		{B11471BA-0AE2-4682-880E-1C37EA9D9347}.Debug|Any CPU.Build.0 = Debug|Any CPU
		{B11471BA-0AE2-4682-880E-1C37EA9D9347}.Release|Any CPU.ActiveCfg = Release|Any CPU
		{B11471BA-0AE2-4682-880E-1C37EA9D9347}.Release|Any CPU.Build.0 = Release|Any CPU
		{4D734D5D-25F6-48DE-A008-E76F829FD999}.Debug|Any CPU.ActiveCfg = Debug|Any CPU
		{4D734D5D-25F6-48DE-A008-E76F829FD999}.Debug|Any CPU.Build.0 = Debug|Any CPU
		{4D734D5D-25F6-48DE-A008-E76F829FD999}.Release|Any CPU.ActiveCfg = Release|Any CPU
		{4D734D5D-25F6-48DE-A008-E76F829FD999}.Release|Any CPU.Build.0 = Release|Any CPU
	EndGlobalSection
EndGlobal
